github.com/URALINNOVATSIYA/reflex v0.0.2 h1:DiWj6SyROWJxO4idOsUwvcuz6eC/BVggN2bk8mmCdy0=
github.com/URALINNOVATSIYA/reflex v0.0.2/go.mod h1:Ki9bbucXX1A4gMU3U7Va4yJdVwB7zznGCC0aliTsx1c=
github.com/URALINNOVATSIYA/reflex v0.0.3 h1:8fsanvdoHWdL0ixgbCpuvQgxi6C1LWFH9XjRKcScBaw=
github.com/URALINNOVATSIYA/reflex v0.0.3/go.mod h1:Ki9bbucXX1A4gMU3U7Va4yJdVwB7zznGCC0aliTsx1c=
