github.com/URALINNOVATSIYA/reflex v0.0.2 h1:DiWj6SyROWJxO4idOsUwvcuz6eC/BVggN2bk8mmCdy0=
github.com/URALINNOVATSIYA/reflex v0.0.2/go.mod h1:Ki9bbucXX1A4gMU3U7Va4yJdVwB7zznGCC0aliTsx1c=
github.com/URALINNOVATSIYA/reflex v0.0.3 h1:8fsanvdoHWdL0ixgbCpuvQgxi6C1LWFH9XjRKcScBaw=
github.com/URALINNOVATSIYA/reflex v0.0.3/go.mod h1:Ki9bbucXX1A4gMU3U7Va4yJdVwB7zznGCC0aliTsx1c=
github.com/URALINNOVATSIYA/reflex v0.0.4 h1:cMlaUg1D3KupYYmsFUWwWRmQPnq/eJ/7XJDJqOcAwkg=
github.com/URALINNOVATSIYA/reflex v0.0.4/go.mod h1:Ki9bbucXX1A4gMU3U7Va4yJdVwB7zznGCC0aliTsx1c=
github.com/URALINNOVATSIYA/reflex v0.0.5 h1:sc8s9W+CEoaZFHI1P4lgL98Wvca4KV3pWOV5v+VLizA=
github.com/URALINNOVATSIYA/reflex v0.0.5/go.mod h1:yqj8g4hQMUE2Ji+JPI1QjyfWrnu07BTUX+V/+O8D8a4=
github.com/URALINNOVATSIYA/reflex v0.0.7 h1:JLOWGoKqgziunkl8quPG9m3PS5nZrmAN8X3F9XImbZ8=
github.com/URALINNOVATSIYA/reflex v0.0.7/go.mod h1:yqj8g4hQMUE2Ji+JPI1QjyfWrnu07BTUX+V/+O8D8a4=
github.com/URALINNOVATSIYA/reflex v0.0.9 h1:fZQOK/0q/8KD7OX5xc0rmXjK+zEyg7oa887uD4k9qrw=
github.com/URALINNOVATSIYA/reflex v0.0.9/go.mod h1:yqj8g4hQMUE2Ji+JPI1QjyfWrnu07BTUX+V/+O8D8a4=
github.com/URALINNOVATSIYA/reflex v0.0.10 h1:Nuw8eu9dHmkWKrTSKmKlsUcAli74ZtSjooewT8Q4Mjg=
github.com/URALINNOVATSIYA/reflex v0.0.10/go.mod h1:yqj8g4hQMUE2Ji+JPI1QjyfWrnu07BTUX+V/+O8D8a4=
github.com/URALINNOVATSIYA/reflex v0.0.11 h1:8mp4H7hN+LMj0wDeLKvqa8qnb2GzjVQUi8qZ3iXBrxU=
github.com/URALINNOVATSIYA/reflex v0.0.11/go.mod h1:yqj8g4hQMUE2Ji+JPI1QjyfWrnu07BTUX+V/+O8D8a4=
github.com/URALINNOVATSIYA/reflex v0.0.12 h1:G7IAx3Jq347vkrO6W/C5ntZIg1mTI6On+G6ISPazp3E=
github.com/URALINNOVATSIYA/reflex v0.0.12/go.mod h1:yqj8g4hQMUE2Ji+JPI1QjyfWrnu07BTUX+V/+O8D8a4=
github.com/URALINNOVATSIYA/reflex v0.0.13 h1:T6k3avkR3sOHN5wzpQFZygzC2lm4G+VBnxZh8Z0WrrI=
github.com/URALINNOVATSIYA/reflex v0.0.13/go.mod h1:yqj8g4hQMUE2Ji+JPI1QjyfWrnu07BTUX+V/+O8D8a4=
github.com/URALINNOVATSIYA/reflex v0.0.14 h1:4FR8g2W4vktptlDjztkK6to6twyDpB8RvBkmS72bs/g=
github.com/URALINNOVATSIYA/reflex v0.0.14/go.mod h1:yqj8g4hQMUE2Ji+JPI1QjyfWrnu07BTUX+V/+O8D8a4=
github.com/URALINNOVATSIYA/reflex v0.0.15 h1:GzwG2LtjNg9h9CjNodo9lWh4q3aFvfFRTVplEoZ8LxA=
github.com/URALINNOVATSIYA/reflex v0.0.15/go.mod h1:yqj8g4hQMUE2Ji+JPI1QjyfWrnu07BTUX+V/+O8D8a4=
github.com/URALINNOVATSIYA/reflex v0.0.16 h1:oQvzaKxdRxXKeJpmei02SisVo4GDTl2P2YFiH+5Iy2s=
github.com/URALINNOVATSIYA/reflex v0.0.16/go.mod h1:yqj8g4hQMUE2Ji+JPI1QjyfWrnu07BTUX+V/+O8D8a4=
github.com/URALINNOVATSIYA/reflex v0.0.17 h1:PfFk6UkjtzNSlWwwz/9vdmC/7MUULCm4i0cfTN5pxNY=
github.com/URALINNOVATSIYA/reflex v0.0.17/go.mod h1:yqj8g4hQMUE2Ji+JPI1QjyfWrnu07BTUX+V/+O8D8a4=
github.com/URALINNOVATSIYA/reflex v0.0.18 h1:8imLlH+cU4ZYvhjKA6o1/tu8XkE6Q8uvWEB4In3eWR4=
github.com/URALINNOVATSIYA/reflex v0.0.18/go.mod h1:yqj8g4hQMUE2Ji+JPI1QjyfWrnu07BTUX+V/+O8D8a4=
github.com/URALINNOVATSIYA/reflex v0.0.19 h1:TZVcJ9q5iBbzw/eqMQAOa9bBHO8n9sfILyJPM2t3n38=
github.com/URALINNOVATSIYA/reflex v0.0.19/go.mod h1:yqj8g4hQMUE2Ji+JPI1QjyfWrnu07BTUX+V/+O8D8a4=
github.com/URALINNOVATSIYA/reflex v0.0.20 h1:McoJ4uayQRiUMHN+08UmeR2zLfmhCOi/wUTsTNF62dE=
github.com/URALINNOVATSIYA/reflex v0.0.20/go.mod h1:yqj8g4hQMUE2Ji+JPI1QjyfWrnu07BTUX+V/+O8D8a4=
github.com/URALINNOVATSIYA/reflex v0.0.21 h1:7djBR6tjBH5mrH/ou6DQx6YPTrkBCR1PBaXH/Gym3Zo=
github.com/URALINNOVATSIYA/reflex v0.0.21/go.mod h1:yqj8g4hQMUE2Ji+JPI1QjyfWrnu07BTUX+V/+O8D8a4=
github.com/URALINNOVATSIYA/reflex v0.0.22 h1:sTMyt2atnEQQZrBzPbcw24QLEusJZg+2xK2LdXT3RxY=
github.com/URALINNOVATSIYA/reflex v0.0.22/go.mod h1:yqj8g4hQMUE2Ji+JPI1QjyfWrnu07BTUX+V/+O8D8a4=
