github.com/URALINNOVATSIYA/reflex v0.0.2 h1:DiWj6SyROWJxO4idOsUwvcuz6eC/BVggN2bk8mmCdy0=
github.com/URALINNOVATSIYA/reflex v0.0.2/go.mod h1:Ki9bbucXX1A4gMU3U7Va4yJdVwB7zznGCC0aliTsx1c=
github.com/URALINNOVATSIYA/reflex v0.0.3 h1:8fsanvdoHWdL0ixgbCpuvQgxi6C1LWFH9XjRKcScBaw=
github.com/URALINNOVATSIYA/reflex v0.0.3/go.mod h1:Ki9bbucXX1A4gMU3U7Va4yJdVwB7zznGCC0aliTsx1c=
github.com/URALINNOVATSIYA/reflex v0.0.4 h1:cMlaUg1D3KupYYmsFUWwWRmQPnq/eJ/7XJDJqOcAwkg=
github.com/URALINNOVATSIYA/reflex v0.0.4/go.mod h1:Ki9bbucXX1A4gMU3U7Va4yJdVwB7zznGCC0aliTsx1c=
github.com/URALINNOVATSIYA/reflex v0.0.5 h1:sc8s9W+CEoaZFHI1P4lgL98Wvca4KV3pWOV5v+VLizA=
github.com/URALINNOVATSIYA/reflex v0.0.5/go.mod h1:yqj8g4hQMUE2Ji+JPI1QjyfWrnu07BTUX+V/+O8D8a4=
github.com/URALINNOVATSIYA/reflex v0.0.7 h1:JLOWGoKqgziunkl8quPG9m3PS5nZrmAN8X3F9XImbZ8=
github.com/URALINNOVATSIYA/reflex v0.0.7/go.mod h1:yqj8g4hQMUE2Ji+JPI1QjyfWrnu07BTUX+V/+O8D8a4=
github.com/URALINNOVATSIYA/reflex v0.0.9 h1:fZQOK/0q/8KD7OX5xc0rmXjK+zEyg7oa887uD4k9qrw=
github.com/URALINNOVATSIYA/reflex v0.0.9/go.mod h1:yqj8g4hQMUE2Ji+JPI1QjyfWrnu07BTUX+V/+O8D8a4=
github.com/URALINNOVATSIYA/reflex v0.0.10 h1:Nuw8eu9dHmkWKrTSKmKlsUcAli74ZtSjooewT8Q4Mjg=
github.com/URALINNOVATSIYA/reflex v0.0.10/go.mod h1:yqj8g4hQMUE2Ji+JPI1QjyfWrnu07BTUX+V/+O8D8a4=
github.com/URALINNOVATSIYA/reflex v0.0.11 h1:8mp4H7hN+LMj0wDeLKvqa8qnb2GzjVQUi8qZ3iXBrxU=
github.com/URALINNOVATSIYA/reflex v0.0.11/go.mod h1:yqj8g4hQMUE2Ji+JPI1QjyfWrnu07BTUX+V/+O8D8a4=
github.com/URALINNOVATSIYA/reflex v0.0.12 h1:G7IAx3Jq347vkrO6W/C5ntZIg1mTI6On+G6ISPazp3E=
github.com/URALINNOVATSIYA/reflex v0.0.12/go.mod h1:yqj8g4hQMUE2Ji+JPI1QjyfWrnu07BTUX+V/+O8D8a4=
